
Microsoft Visual Studio Solution File, Format Version 12.00
# Visual Studio 2012
Project("{FAE04EC0-301F-11D3-BF4B-00C04F79EFBC}") = "Entidades.Alumnos", "Entidades.Alumnos.csproj", "{CFC96A62-3579-4BA2-8346-3421754E3DB4}"
EndProject
Project("{FAE04EC0-301F-11D3-BF4B-00C04F79EFBC}") = "AppConsola", "..\AppConsola\AppConsola.csproj", "{D02F4961-9FC6-42A8-9ACF-088524AE3000}"
EndProject
Global
	GlobalSection(SolutionConfigurationPlatforms) = preSolution
		Debug|Any CPU = Debug|Any CPU
		Release|Any CPU = Release|Any CPU
	EndGlobalSection
	GlobalSection(ProjectConfigurationPlatforms) = postSolution
		{CFC96A62-3579-4BA2-8346-3421754E3DB4}.Debug|Any CPU.ActiveCfg = Debug|Any CPU
		{CFC96A62-3579-4BA2-8346-3421754E3DB4}.Debug|Any CPU.Build.0 = Debug|Any CPU
		{CFC96A62-3579-4BA2-8346-3421754E3DB4}.Release|Any CPU.ActiveCfg = Release|Any CPU
		{CFC96A62-3579-4BA2-8346-3421754E3DB4}.Release|Any CPU.Build.0 = Release|Any CPU
		{D02F4961-9FC6-42A8-9ACF-088524AE3000}.Debug|Any CPU.ActiveCfg = Debug|Any CPU
		{D02F4961-9FC6-42A8-9ACF-088524AE3000}.Debug|Any CPU.Build.0 = Debug|Any CPU
		{D02F4961-9FC6-42A8-9ACF-088524AE3000}.Release|Any CPU.ActiveCfg = Release|Any CPU
		{D02F4961-9FC6-42A8-9ACF-088524AE3000}.Release|Any CPU.Build.0 = Release|Any CPU
	EndGlobalSection
	GlobalSection(SolutionProperties) = preSolution
		HideSolutionNode = FALSE
	EndGlobalSection
EndGlobal
