
Microsoft Visual Studio Solution File, Format Version 12.00
# Visual Studio 2012
Project("{FAE04EC0-301F-11D3-BF4B-00C04F79EFBC}") = "WindowsForms", "WindowsForms\WindowsForms.csproj", "{C154698B-AF59-4D7C-A3C0-7CE06C3C9A2A}"
EndProject
Project("{FAE04EC0-301F-11D3-BF4B-00C04F79EFBC}") = "Clase_8_Library", "Clase_8_Library\Clase_8_Library.csproj", "{4F6B2117-BB92-4F3C-BECF-25DEE2058B92}"
EndProject
Project("{FAE04EC0-301F-11D3-BF4B-00C04F79EFBC}") = "ConsoleApp", "Console\ConsoleApp.csproj", "{3C19D71D-8BA8-4574-804C-D61B3D121BAD}"
EndProject
Global
	GlobalSection(SolutionConfigurationPlatforms) = preSolution
		Debug|Any CPU = Debug|Any CPU
		Release|Any CPU = Release|Any CPU
	EndGlobalSection
	GlobalSection(ProjectConfigurationPlatforms) = postSolution
		{C154698B-AF59-4D7C-A3C0-7CE06C3C9A2A}.Debug|Any CPU.ActiveCfg = Debug|Any CPU
		{C154698B-AF59-4D7C-A3C0-7CE06C3C9A2A}.Debug|Any CPU.Build.0 = Debug|Any CPU
		{C154698B-AF59-4D7C-A3C0-7CE06C3C9A2A}.Release|Any CPU.ActiveCfg = Release|Any CPU
		{C154698B-AF59-4D7C-A3C0-7CE06C3C9A2A}.Release|Any CPU.Build.0 = Release|Any CPU
		{4F6B2117-BB92-4F3C-BECF-25DEE2058B92}.Debug|Any CPU.ActiveCfg = Debug|Any CPU
		{4F6B2117-BB92-4F3C-BECF-25DEE2058B92}.Debug|Any CPU.Build.0 = Debug|Any CPU
		{4F6B2117-BB92-4F3C-BECF-25DEE2058B92}.Release|Any CPU.ActiveCfg = Release|Any CPU
		{4F6B2117-BB92-4F3C-BECF-25DEE2058B92}.Release|Any CPU.Build.0 = Release|Any CPU
		{3C19D71D-8BA8-4574-804C-D61B3D121BAD}.Debug|Any CPU.ActiveCfg = Debug|Any CPU
		{3C19D71D-8BA8-4574-804C-D61B3D121BAD}.Debug|Any CPU.Build.0 = Debug|Any CPU
		{3C19D71D-8BA8-4574-804C-D61B3D121BAD}.Release|Any CPU.ActiveCfg = Release|Any CPU
		{3C19D71D-8BA8-4574-804C-D61B3D121BAD}.Release|Any CPU.Build.0 = Release|Any CPU
	EndGlobalSection
	GlobalSection(SolutionProperties) = preSolution
		HideSolutionNode = FALSE
	EndGlobalSection
EndGlobal
