
Microsoft Visual Studio Solution File, Format Version 12.00
# Visual Studio 2012
Project("{FAE04EC0-301F-11D3-BF4B-00C04F79EFBC}") = "ConsoleApplication", "ConsoleApplication\ConsoleApplication.csproj", "{0BCEAA86-A594-4972-BC18-AE8BD4353790}"
EndProject
Project("{FAE04EC0-301F-11D3-BF4B-00C04F79EFBC}") = "Entidades", "Entidades\Entidades.csproj", "{918EDFE7-74AC-4EB1-9630-FA843DDC41E5}"
EndProject
Global
	GlobalSection(SolutionConfigurationPlatforms) = preSolution
		Debug|Any CPU = Debug|Any CPU
		Release|Any CPU = Release|Any CPU
	EndGlobalSection
	GlobalSection(ProjectConfigurationPlatforms) = postSolution
		{0BCEAA86-A594-4972-BC18-AE8BD4353790}.Debug|Any CPU.ActiveCfg = Debug|Any CPU
		{0BCEAA86-A594-4972-BC18-AE8BD4353790}.Debug|Any CPU.Build.0 = Debug|Any CPU
		{0BCEAA86-A594-4972-BC18-AE8BD4353790}.Release|Any CPU.ActiveCfg = Release|Any CPU
		{0BCEAA86-A594-4972-BC18-AE8BD4353790}.Release|Any CPU.Build.0 = Release|Any CPU
		{918EDFE7-74AC-4EB1-9630-FA843DDC41E5}.Debug|Any CPU.ActiveCfg = Debug|Any CPU
		{918EDFE7-74AC-4EB1-9630-FA843DDC41E5}.Debug|Any CPU.Build.0 = Debug|Any CPU
		{918EDFE7-74AC-4EB1-9630-FA843DDC41E5}.Release|Any CPU.ActiveCfg = Release|Any CPU
		{918EDFE7-74AC-4EB1-9630-FA843DDC41E5}.Release|Any CPU.Build.0 = Release|Any CPU
	EndGlobalSection
	GlobalSection(SolutionProperties) = preSolution
		HideSolutionNode = FALSE
	EndGlobalSection
EndGlobal
