
Microsoft Visual Studio Solution File, Format Version 12.00
# Visual Studio 2012
Project("{FAE04EC0-301F-11D3-BF4B-00C04F79EFBC}") = "20161011_Libreria", "20161011\20161011_Libreria.csproj", "{D6E7522E-E284-4A45-8F51-7F5B0AEF0EB5}"
EndProject
Project("{FAE04EC0-301F-11D3-BF4B-00C04F79EFBC}") = "20161011_TestNumeros", "TestNumeros\20161011_TestNumeros.csproj", "{140CE08D-B02B-4EB2-9583-698A2B89AB04}"
EndProject
Project("{FAE04EC0-301F-11D3-BF4B-00C04F79EFBC}") = "20161017_Pintura", "20161017_Pintura\20161017_Pintura.csproj", "{29266FA5-B813-4CB9-A299-21242CC455EA}"
EndProject
Project("{FAE04EC0-301F-11D3-BF4B-00C04F79EFBC}") = "20161017_TestPintura", "20161017_TestPintura\20161017_TestPintura.csproj", "{0185025E-12D3-4EB0-9A8B-8FCB954F628A}"
EndProject
Project("{FAE04EC0-301F-11D3-BF4B-00C04F79EFBC}") = "20161018_Clase17Campus", "20161018_Clase17Campus\20161018_Clase17Campus.csproj", "{33804118-F05F-4247-BFFA-EF5EDAB4397D}"
EndProject
Project("{FAE04EC0-301F-11D3-BF4B-00C04F79EFBC}") = "20161018_Clase17Campus_Test", "20161018_Clase17Campus_Test\20161018_Clase17Campus_Test.csproj", "{0923187E-37A7-4384-90D7-8699A23035DE}"
EndProject
Global
	GlobalSection(SolutionConfigurationPlatforms) = preSolution
		Debug|Any CPU = Debug|Any CPU
		Release|Any CPU = Release|Any CPU
	EndGlobalSection
	GlobalSection(ProjectConfigurationPlatforms) = postSolution
		{D6E7522E-E284-4A45-8F51-7F5B0AEF0EB5}.Debug|Any CPU.ActiveCfg = Debug|Any CPU
		{D6E7522E-E284-4A45-8F51-7F5B0AEF0EB5}.Debug|Any CPU.Build.0 = Debug|Any CPU
		{D6E7522E-E284-4A45-8F51-7F5B0AEF0EB5}.Release|Any CPU.ActiveCfg = Release|Any CPU
		{D6E7522E-E284-4A45-8F51-7F5B0AEF0EB5}.Release|Any CPU.Build.0 = Release|Any CPU
		{140CE08D-B02B-4EB2-9583-698A2B89AB04}.Debug|Any CPU.ActiveCfg = Debug|Any CPU
		{140CE08D-B02B-4EB2-9583-698A2B89AB04}.Debug|Any CPU.Build.0 = Debug|Any CPU
		{140CE08D-B02B-4EB2-9583-698A2B89AB04}.Release|Any CPU.ActiveCfg = Release|Any CPU
		{140CE08D-B02B-4EB2-9583-698A2B89AB04}.Release|Any CPU.Build.0 = Release|Any CPU
		{29266FA5-B813-4CB9-A299-21242CC455EA}.Debug|Any CPU.ActiveCfg = Debug|Any CPU
		{29266FA5-B813-4CB9-A299-21242CC455EA}.Debug|Any CPU.Build.0 = Debug|Any CPU
		{29266FA5-B813-4CB9-A299-21242CC455EA}.Release|Any CPU.ActiveCfg = Release|Any CPU
		{29266FA5-B813-4CB9-A299-21242CC455EA}.Release|Any CPU.Build.0 = Release|Any CPU
		{0185025E-12D3-4EB0-9A8B-8FCB954F628A}.Debug|Any CPU.ActiveCfg = Debug|Any CPU
		{0185025E-12D3-4EB0-9A8B-8FCB954F628A}.Debug|Any CPU.Build.0 = Debug|Any CPU
		{0185025E-12D3-4EB0-9A8B-8FCB954F628A}.Release|Any CPU.ActiveCfg = Release|Any CPU
		{0185025E-12D3-4EB0-9A8B-8FCB954F628A}.Release|Any CPU.Build.0 = Release|Any CPU
		{33804118-F05F-4247-BFFA-EF5EDAB4397D}.Debug|Any CPU.ActiveCfg = Debug|Any CPU
		{33804118-F05F-4247-BFFA-EF5EDAB4397D}.Debug|Any CPU.Build.0 = Debug|Any CPU
		{33804118-F05F-4247-BFFA-EF5EDAB4397D}.Release|Any CPU.ActiveCfg = Release|Any CPU
		{33804118-F05F-4247-BFFA-EF5EDAB4397D}.Release|Any CPU.Build.0 = Release|Any CPU
		{0923187E-37A7-4384-90D7-8699A23035DE}.Debug|Any CPU.ActiveCfg = Debug|Any CPU
		{0923187E-37A7-4384-90D7-8699A23035DE}.Debug|Any CPU.Build.0 = Debug|Any CPU
		{0923187E-37A7-4384-90D7-8699A23035DE}.Release|Any CPU.ActiveCfg = Release|Any CPU
		{0923187E-37A7-4384-90D7-8699A23035DE}.Release|Any CPU.Build.0 = Release|Any CPU
	EndGlobalSection
	GlobalSection(SolutionProperties) = preSolution
		HideSolutionNode = FALSE
	EndGlobalSection
EndGlobal
